
Microsoft Visual Studio Solution File, Format Version 12.00
# Visual Studio Version 16
VisualStudioVersion = 16.0.30114.105
MinimumVisualStudioVersion = 10.0.40219.1
Project("{FAE04EC0-301F-11D3-BF4B-00C04F79EFBC}") = "ProEventos.Application", "ProEventos.Application\ProEventos.Application.csproj", "{BCB5A552-DA6A-4758-BF1A-3E5AB8B92B09}"
EndProject
Project("{FAE04EC0-301F-11D3-BF4B-00C04F79EFBC}") = "ProEventos.Domain", "ProEventos.Domain\ProEventos.Domain.csproj", "{C7F9A095-46A0-40A4-BDC2-BF9C60DAB83F}"
EndProject
Project("{FAE04EC0-301F-11D3-BF4B-00C04F79EFBC}") = "ProEventos.API", "ProEventos.API\ProEventos.API.csproj", "{E6E0A10F-DC0A-4D51-BFCC-BD02E03D8C6D}"
EndProject
Project("{FAE04EC0-301F-11D3-BF4B-00C04F79EFBC}") = "ProEventos.Persistence", "ProEventos.Persistence\ProEventos.Persistence.csproj", "{FCC1610D-5FC9-4430-925F-6D136942246D}"
EndProject
Global
	GlobalSection(SolutionConfigurationPlatforms) = preSolution
		Debug|Any CPU = Debug|Any CPU
		Debug|x64 = Debug|x64
		Debug|x86 = Debug|x86
		Release|Any CPU = Release|Any CPU
		Release|x64 = Release|x64
		Release|x86 = Release|x86
	EndGlobalSection
	GlobalSection(SolutionProperties) = preSolution
		HideSolutionNode = FALSE
	EndGlobalSection
	GlobalSection(ProjectConfigurationPlatforms) = postSolution
		{BCB5A552-DA6A-4758-BF1A-3E5AB8B92B09}.Debug|Any CPU.ActiveCfg = Debug|Any CPU
		{BCB5A552-DA6A-4758-BF1A-3E5AB8B92B09}.Debug|Any CPU.Build.0 = Debug|Any CPU
		{BCB5A552-DA6A-4758-BF1A-3E5AB8B92B09}.Debug|x64.ActiveCfg = Debug|Any CPU
		{BCB5A552-DA6A-4758-BF1A-3E5AB8B92B09}.Debug|x64.Build.0 = Debug|Any CPU
		{BCB5A552-DA6A-4758-BF1A-3E5AB8B92B09}.Debug|x86.ActiveCfg = Debug|Any CPU
		{BCB5A552-DA6A-4758-BF1A-3E5AB8B92B09}.Debug|x86.Build.0 = Debug|Any CPU
		{BCB5A552-DA6A-4758-BF1A-3E5AB8B92B09}.Release|Any CPU.ActiveCfg = Release|Any CPU
		{BCB5A552-DA6A-4758-BF1A-3E5AB8B92B09}.Release|Any CPU.Build.0 = Release|Any CPU
		{BCB5A552-DA6A-4758-BF1A-3E5AB8B92B09}.Release|x64.ActiveCfg = Release|Any CPU
		{BCB5A552-DA6A-4758-BF1A-3E5AB8B92B09}.Release|x64.Build.0 = Release|Any CPU
		{BCB5A552-DA6A-4758-BF1A-3E5AB8B92B09}.Release|x86.ActiveCfg = Release|Any CPU
		{BCB5A552-DA6A-4758-BF1A-3E5AB8B92B09}.Release|x86.Build.0 = Release|Any CPU
		{C7F9A095-46A0-40A4-BDC2-BF9C60DAB83F}.Debug|Any CPU.ActiveCfg = Debug|Any CPU
		{C7F9A095-46A0-40A4-BDC2-BF9C60DAB83F}.Debug|Any CPU.Build.0 = Debug|Any CPU
		{C7F9A095-46A0-40A4-BDC2-BF9C60DAB83F}.Debug|x64.ActiveCfg = Debug|Any CPU
		{C7F9A095-46A0-40A4-BDC2-BF9C60DAB83F}.Debug|x64.Build.0 = Debug|Any CPU
		{C7F9A095-46A0-40A4-BDC2-BF9C60DAB83F}.Debug|x86.ActiveCfg = Debug|Any CPU
		{C7F9A095-46A0-40A4-BDC2-BF9C60DAB83F}.Debug|x86.Build.0 = Debug|Any CPU
		{C7F9A095-46A0-40A4-BDC2-BF9C60DAB83F}.Release|Any CPU.ActiveCfg = Release|Any CPU
		{C7F9A095-46A0-40A4-BDC2-BF9C60DAB83F}.Release|Any CPU.Build.0 = Release|Any CPU
		{C7F9A095-46A0-40A4-BDC2-BF9C60DAB83F}.Release|x64.ActiveCfg = Release|Any CPU
		{C7F9A095-46A0-40A4-BDC2-BF9C60DAB83F}.Release|x64.Build.0 = Release|Any CPU
		{C7F9A095-46A0-40A4-BDC2-BF9C60DAB83F}.Release|x86.ActiveCfg = Release|Any CPU
		{C7F9A095-46A0-40A4-BDC2-BF9C60DAB83F}.Release|x86.Build.0 = Release|Any CPU
		{E6E0A10F-DC0A-4D51-BFCC-BD02E03D8C6D}.Debug|Any CPU.ActiveCfg = Debug|Any CPU
		{E6E0A10F-DC0A-4D51-BFCC-BD02E03D8C6D}.Debug|Any CPU.Build.0 = Debug|Any CPU
		{E6E0A10F-DC0A-4D51-BFCC-BD02E03D8C6D}.Debug|x64.ActiveCfg = Debug|Any CPU
		{E6E0A10F-DC0A-4D51-BFCC-BD02E03D8C6D}.Debug|x64.Build.0 = Debug|Any CPU
		{E6E0A10F-DC0A-4D51-BFCC-BD02E03D8C6D}.Debug|x86.ActiveCfg = Debug|Any CPU
		{E6E0A10F-DC0A-4D51-BFCC-BD02E03D8C6D}.Debug|x86.Build.0 = Debug|Any CPU
		{E6E0A10F-DC0A-4D51-BFCC-BD02E03D8C6D}.Release|Any CPU.ActiveCfg = Release|Any CPU
		{E6E0A10F-DC0A-4D51-BFCC-BD02E03D8C6D}.Release|Any CPU.Build.0 = Release|Any CPU
		{E6E0A10F-DC0A-4D51-BFCC-BD02E03D8C6D}.Release|x64.ActiveCfg = Release|Any CPU
		{E6E0A10F-DC0A-4D51-BFCC-BD02E03D8C6D}.Release|x64.Build.0 = Release|Any CPU
		{E6E0A10F-DC0A-4D51-BFCC-BD02E03D8C6D}.Release|x86.ActiveCfg = Release|Any CPU
		{E6E0A10F-DC0A-4D51-BFCC-BD02E03D8C6D}.Release|x86.Build.0 = Release|Any CPU
		{FCC1610D-5FC9-4430-925F-6D136942246D}.Debug|Any CPU.ActiveCfg = Debug|Any CPU
		{FCC1610D-5FC9-4430-925F-6D136942246D}.Debug|Any CPU.Build.0 = Debug|Any CPU
		{FCC1610D-5FC9-4430-925F-6D136942246D}.Debug|x64.ActiveCfg = Debug|Any CPU
		{FCC1610D-5FC9-4430-925F-6D136942246D}.Debug|x64.Build.0 = Debug|Any CPU
		{FCC1610D-5FC9-4430-925F-6D136942246D}.Debug|x86.ActiveCfg = Debug|Any CPU
		{FCC1610D-5FC9-4430-925F-6D136942246D}.Debug|x86.Build.0 = Debug|Any CPU
		{FCC1610D-5FC9-4430-925F-6D136942246D}.Release|Any CPU.ActiveCfg = Release|Any CPU
		{FCC1610D-5FC9-4430-925F-6D136942246D}.Release|Any CPU.Build.0 = Release|Any CPU
		{FCC1610D-5FC9-4430-925F-6D136942246D}.Release|x64.ActiveCfg = Release|Any CPU
		{FCC1610D-5FC9-4430-925F-6D136942246D}.Release|x64.Build.0 = Release|Any CPU
		{FCC1610D-5FC9-4430-925F-6D136942246D}.Release|x86.ActiveCfg = Release|Any CPU
		{FCC1610D-5FC9-4430-925F-6D136942246D}.Release|x86.Build.0 = Release|Any CPU
	EndGlobalSection
EndGlobal
